
Microsoft Visual Studio Solution File, Format Version 12.00
# Visual Studio Version 16
VisualStudioVersion = 16.0.30011.22
MinimumVisualStudioVersion = 10.0.40219.1
Project("{2150E333-8FDC-42A3-9474-1A3956D46DE8}") = "src", "src", "{15CA68F6-5DA1-4E90-A0C6-BEE5A696FD93}"
EndProject
Project("{2150E333-8FDC-42A3-9474-1A3956D46DE8}") = "test", "test", "{191E0293-8A95-4352-998D-C94ADAA82B9A}"
EndProject
Project("{2150E333-8FDC-42A3-9474-1A3956D46DE8}") = "1 - Presentation", "1 - Presentation", "{D9792237-D635-4A02-A296-F0DE57745E2D}"
EndProject
Project("{2150E333-8FDC-42A3-9474-1A3956D46DE8}") = "2 - Core", "2 - Core", "{26079B46-DD29-4A6B-AC48-D38439C1E022}"
EndProject
Project("{2150E333-8FDC-42A3-9474-1A3956D46DE8}") = "3 - Infrastructure", "3 - Infrastructure", "{687DAD14-E692-4E40-95A7-95C927182733}"
EndProject
Project("{2150E333-8FDC-42A3-9474-1A3956D46DE8}") = "2 - Core Tests", "2 - Core Tests", "{1D1C0761-CDDE-46C4-ACB0-EEA158567915}"
EndProject
Project("{9A19103F-16F7-4668-BE54-9A1E7A4F7556}") = "Domain.UnitTests", "test\Domain.UnitTests\Domain.UnitTests.csproj", "{19357A88-CDDE-4637-9F42-425CB1D17B3C}"
EndProject
Project("{9A19103F-16F7-4668-BE54-9A1E7A4F7556}") = "Application", "src\Application\Application.csproj", "{BAB52085-6E75-468C-A475-0701A807D983}"
EndProject
Project("{9A19103F-16F7-4668-BE54-9A1E7A4F7556}") = "Domain", "src\Domain\Domain.csproj", "{819584ED-BEA8-4318-A54F-9F46DB479708}"
EndProject
Project("{9A19103F-16F7-4668-BE54-9A1E7A4F7556}") = "Shared", "src\Shared\Shared.csproj", "{1D949C5F-5CDF-4C87-9FC5-DC9AFB0FEFD2}"
EndProject
Project("{9A19103F-16F7-4668-BE54-9A1E7A4F7556}") = "Persistence", "src\Persistence\Persistence.csproj", "{BFB98089-3AAB-4580-BAEC-28B10757F13D}"
EndProject
Project("{FAE04EC0-301F-11D3-BF4B-00C04F79EFBC}") = "WebApi", "src\WebApi\WebApi.csproj", "{1F102861-CEE7-4031-AFD0-34A2F4168934}"
EndProject
Global
	GlobalSection(SolutionConfigurationPlatforms) = preSolution
		Debug|Any CPU = Debug|Any CPU
		Release|Any CPU = Release|Any CPU
	EndGlobalSection
	GlobalSection(ProjectConfigurationPlatforms) = postSolution
		{19357A88-CDDE-4637-9F42-425CB1D17B3C}.Debug|Any CPU.ActiveCfg = Debug|Any CPU
		{19357A88-CDDE-4637-9F42-425CB1D17B3C}.Debug|Any CPU.Build.0 = Debug|Any CPU
		{19357A88-CDDE-4637-9F42-425CB1D17B3C}.Release|Any CPU.ActiveCfg = Release|Any CPU
		{19357A88-CDDE-4637-9F42-425CB1D17B3C}.Release|Any CPU.Build.0 = Release|Any CPU
		{BAB52085-6E75-468C-A475-0701A807D983}.Debug|Any CPU.ActiveCfg = Debug|Any CPU
		{BAB52085-6E75-468C-A475-0701A807D983}.Debug|Any CPU.Build.0 = Debug|Any CPU
		{BAB52085-6E75-468C-A475-0701A807D983}.Release|Any CPU.ActiveCfg = Release|Any CPU
		{BAB52085-6E75-468C-A475-0701A807D983}.Release|Any CPU.Build.0 = Release|Any CPU
		{819584ED-BEA8-4318-A54F-9F46DB479708}.Debug|Any CPU.ActiveCfg = Debug|Any CPU
		{819584ED-BEA8-4318-A54F-9F46DB479708}.Debug|Any CPU.Build.0 = Debug|Any CPU
		{819584ED-BEA8-4318-A54F-9F46DB479708}.Release|Any CPU.ActiveCfg = Release|Any CPU
		{819584ED-BEA8-4318-A54F-9F46DB479708}.Release|Any CPU.Build.0 = Release|Any CPU
		{1D949C5F-5CDF-4C87-9FC5-DC9AFB0FEFD2}.Debug|Any CPU.ActiveCfg = Debug|Any CPU
		{1D949C5F-5CDF-4C87-9FC5-DC9AFB0FEFD2}.Debug|Any CPU.Build.0 = Debug|Any CPU
		{1D949C5F-5CDF-4C87-9FC5-DC9AFB0FEFD2}.Release|Any CPU.ActiveCfg = Release|Any CPU
		{1D949C5F-5CDF-4C87-9FC5-DC9AFB0FEFD2}.Release|Any CPU.Build.0 = Release|Any CPU
		{BFB98089-3AAB-4580-BAEC-28B10757F13D}.Debug|Any CPU.ActiveCfg = Debug|Any CPU
		{BFB98089-3AAB-4580-BAEC-28B10757F13D}.Debug|Any CPU.Build.0 = Debug|Any CPU
		{BFB98089-3AAB-4580-BAEC-28B10757F13D}.Release|Any CPU.ActiveCfg = Release|Any CPU
		{BFB98089-3AAB-4580-BAEC-28B10757F13D}.Release|Any CPU.Build.0 = Release|Any CPU
		{1F102861-CEE7-4031-AFD0-34A2F4168934}.Debug|Any CPU.ActiveCfg = Debug|Any CPU
		{1F102861-CEE7-4031-AFD0-34A2F4168934}.Debug|Any CPU.Build.0 = Debug|Any CPU
		{1F102861-CEE7-4031-AFD0-34A2F4168934}.Release|Any CPU.ActiveCfg = Release|Any CPU
		{1F102861-CEE7-4031-AFD0-34A2F4168934}.Release|Any CPU.Build.0 = Release|Any CPU
	EndGlobalSection
	GlobalSection(SolutionProperties) = preSolution
		HideSolutionNode = FALSE
	EndGlobalSection
	GlobalSection(NestedProjects) = preSolution
		{D9792237-D635-4A02-A296-F0DE57745E2D} = {15CA68F6-5DA1-4E90-A0C6-BEE5A696FD93}
		{26079B46-DD29-4A6B-AC48-D38439C1E022} = {15CA68F6-5DA1-4E90-A0C6-BEE5A696FD93}
		{687DAD14-E692-4E40-95A7-95C927182733} = {15CA68F6-5DA1-4E90-A0C6-BEE5A696FD93}
		{1D1C0761-CDDE-46C4-ACB0-EEA158567915} = {191E0293-8A95-4352-998D-C94ADAA82B9A}
		{19357A88-CDDE-4637-9F42-425CB1D17B3C} = {1D1C0761-CDDE-46C4-ACB0-EEA158567915}
		{BAB52085-6E75-468C-A475-0701A807D983} = {26079B46-DD29-4A6B-AC48-D38439C1E022}
		{819584ED-BEA8-4318-A54F-9F46DB479708} = {26079B46-DD29-4A6B-AC48-D38439C1E022}
		{1D949C5F-5CDF-4C87-9FC5-DC9AFB0FEFD2} = {26079B46-DD29-4A6B-AC48-D38439C1E022}
		{BFB98089-3AAB-4580-BAEC-28B10757F13D} = {687DAD14-E692-4E40-95A7-95C927182733}
		{1F102861-CEE7-4031-AFD0-34A2F4168934} = {D9792237-D635-4A02-A296-F0DE57745E2D}
	EndGlobalSection
	GlobalSection(ExtensibilityGlobals) = postSolution
		SolutionGuid = {D908A89C-FCF1-4ABD-A142-13E8F36DFE44}
	EndGlobalSection
EndGlobal
